// !$*UTF8*$!
{
	archiveVersion = 1;
	classes = {
	};
	objectVersion = 50;
	objects = {

/* Begin PBXBuildFile section */
		850675BE228CD37100E7E9C8 /* Collection+Extenstions.swift in Sources */ = {isa = PBXBuildFile; fileRef = 850675BD228CD37100E7E9C8 /* Collection+Extenstions.swift */; };
		85252C982292BBF40085F924 /* ChampionHelper.swift in Sources */ = {isa = PBXBuildFile; fileRef = 85252C972292BBF40085F924 /* ChampionHelper.swift */; };
		85252C9A2292C1FB0085F924 /* ViewModel.swift in Sources */ = {isa = PBXBuildFile; fileRef = 85252C992292C1FB0085F924 /* ViewModel.swift */; };
		85408AA3228B4D3100B958D7 /* TouchBarHelper.framework in Frameworks */ = {isa = PBXBuildFile; fileRef = 85408AA2228B4D3100B958D7 /* TouchBarHelper.framework */; };
		85818BEE22899FD600E70642 /* AppDelegate.swift in Sources */ = {isa = PBXBuildFile; fileRef = 85818BED22899FD600E70642 /* AppDelegate.swift */; };
		85818BF022899FD600E70642 /* ViewController.swift in Sources */ = {isa = PBXBuildFile; fileRef = 85818BEF22899FD600E70642 /* ViewController.swift */; };
		85818BF222899FD700E70642 /* Assets.xcassets in Resources */ = {isa = PBXBuildFile; fileRef = 85818BF122899FD700E70642 /* Assets.xcassets */; };
		85818BF522899FD700E70642 /* Main.storyboard in Resources */ = {isa = PBXBuildFile; fileRef = 85818BF322899FD700E70642 /* Main.storyboard */; };
		85818C0122899FD700E70642 /* TouchBarLeagueTests.swift in Sources */ = {isa = PBXBuildFile; fileRef = 85818C0022899FD700E70642 /* TouchBarLeagueTests.swift */; };
		85818C0C22899FD700E70642 /* TouchBarLeagueUITests.swift in Sources */ = {isa = PBXBuildFile; fileRef = 85818C0B22899FD700E70642 /* TouchBarLeagueUITests.swift */; };
		8582ED44228D82D800F0049A /* TeamParticipant.swift in Sources */ = {isa = PBXBuildFile; fileRef = 8582ED43228D82D800F0049A /* TeamParticipant.swift */; };
		8593C6A7228B53BB00F4AA75 /* TouchBarHelper.framework in Frameworks */ = {isa = PBXBuildFile; fileRef = 85408AA2228B4D3100B958D7 /* TouchBarHelper.framework */; };
		8593C6A8228B53BB00F4AA75 /* TouchBarHelper.framework in Embed Frameworks */ = {isa = PBXBuildFile; fileRef = 85408AA2228B4D3100B958D7 /* TouchBarHelper.framework */; settings = {ATTRIBUTES = (CodeSignOnCopy, RemoveHeadersOnCopy, ); }; };
		8593C6AF228B6ED700F4AA75 /* CurrentSummoner.swift in Sources */ = {isa = PBXBuildFile; fileRef = 8593C6AE228B6ED700F4AA75 /* CurrentSummoner.swift */; };
		8593C6B2228B6F5F00F4AA75 /* Constants.swift in Sources */ = {isa = PBXBuildFile; fileRef = 8593C6B1228B6F5F00F4AA75 /* Constants.swift */; };
		8593C6B5228B742A00F4AA75 /* String+Extensions.swift in Sources */ = {isa = PBXBuildFile; fileRef = 8593C6B4228B742A00F4AA75 /* String+Extensions.swift */; };
		8593C6B8228B78A900F4AA75 /* RequestWrapper.swift in Sources */ = {isa = PBXBuildFile; fileRef = 8593C6B7228B78A900F4AA75 /* RequestWrapper.swift */; };
		8593C6BF228C86DB00F4AA75 /* LCU.swift in Sources */ = {isa = PBXBuildFile; fileRef = 8593C6BE228C86DB00F4AA75 /* LCU.swift */; };
		8593C6C1228CC6C900F4AA75 /* Champion1vs9.swift in Sources */ = {isa = PBXBuildFile; fileRef = 8593C6C0228CC6C900F4AA75 /* Champion1vs9.swift */; };
		B2ECE158D508B9EF7F23713D /* Pods_TouchBarLeague.framework in Frameworks */ = {isa = PBXBuildFile; fileRef = 59BC088CBA89587605E70875 /* Pods_TouchBarLeague.framework */; };
		C80A6B0262EDD3DD76E16937 /* Pods_TouchBarLeagueUITests.framework in Frameworks */ = {isa = PBXBuildFile; fileRef = 7473325D1F777D00A603B5F1 /* Pods_TouchBarLeagueUITests.framework */; };
		ECE0D22AC75B8A948BAF2F2D /* Pods_TouchBarLeagueTests.framework in Frameworks */ = {isa = PBXBuildFile; fileRef = 512717E366FE530F95094672 /* Pods_TouchBarLeagueTests.framework */; };
/* End PBXBuildFile section */

/* Begin PBXContainerItemProxy section */
		85818BFD22899FD700E70642 /* PBXContainerItemProxy */ = {
			isa = PBXContainerItemProxy;
			containerPortal = 85818BE222899FD600E70642 /* Project object */;
			proxyType = 1;
			remoteGlobalIDString = 85818BE922899FD600E70642;
			remoteInfo = TouchBarLeague;
		};
		85818C0822899FD700E70642 /* PBXContainerItemProxy */ = {
			isa = PBXContainerItemProxy;
			containerPortal = 85818BE222899FD600E70642 /* Project object */;
			proxyType = 1;
			remoteGlobalIDString = 85818BE922899FD600E70642;
			remoteInfo = TouchBarLeague;
		};
/* End PBXContainerItemProxy section */

/* Begin PBXCopyFilesBuildPhase section */
		8593C6A9228B53BB00F4AA75 /* Embed Frameworks */ = {
			isa = PBXCopyFilesBuildPhase;
			buildActionMask = 2147483647;
			dstPath = "";
			dstSubfolderSpec = 10;
			files = (
				8593C6A8228B53BB00F4AA75 /* TouchBarHelper.framework in Embed Frameworks */,
			);
			name = "Embed Frameworks";
			runOnlyForDeploymentPostprocessing = 0;
		};
/* End PBXCopyFilesBuildPhase section */

/* Begin PBXFileReference section */
		086F9EDC060365440BB9DCD2 /* Pods-TouchBarLeague.debug.xcconfig */ = {isa = PBXFileReference; includeInIndex = 1; lastKnownFileType = text.xcconfig; name = "Pods-TouchBarLeague.debug.xcconfig"; path = "Target Support Files/Pods-TouchBarLeague/Pods-TouchBarLeague.debug.xcconfig"; sourceTree = "<group>"; };
		512717E366FE530F95094672 /* Pods_TouchBarLeagueTests.framework */ = {isa = PBXFileReference; explicitFileType = wrapper.framework; includeInIndex = 0; path = Pods_TouchBarLeagueTests.framework; sourceTree = BUILT_PRODUCTS_DIR; };
		54BC4D55E093A2D09A601F88 /* Pods-TouchBarLeagueTests.release.xcconfig */ = {isa = PBXFileReference; includeInIndex = 1; lastKnownFileType = text.xcconfig; name = "Pods-TouchBarLeagueTests.release.xcconfig"; path = "Target Support Files/Pods-TouchBarLeagueTests/Pods-TouchBarLeagueTests.release.xcconfig"; sourceTree = "<group>"; };
		59BC088CBA89587605E70875 /* Pods_TouchBarLeague.framework */ = {isa = PBXFileReference; explicitFileType = wrapper.framework; includeInIndex = 0; path = Pods_TouchBarLeague.framework; sourceTree = BUILT_PRODUCTS_DIR; };
		7473325D1F777D00A603B5F1 /* Pods_TouchBarLeagueUITests.framework */ = {isa = PBXFileReference; explicitFileType = wrapper.framework; includeInIndex = 0; path = Pods_TouchBarLeagueUITests.framework; sourceTree = BUILT_PRODUCTS_DIR; };
		850675BD228CD37100E7E9C8 /* Collection+Extenstions.swift */ = {isa = PBXFileReference; lastKnownFileType = sourcecode.swift; path = "Collection+Extenstions.swift"; sourceTree = "<group>"; };
		85252C972292BBF40085F924 /* ChampionHelper.swift */ = {isa = PBXFileReference; lastKnownFileType = sourcecode.swift; path = ChampionHelper.swift; sourceTree = "<group>"; };
		85252C992292C1FB0085F924 /* ViewModel.swift */ = {isa = PBXFileReference; lastKnownFileType = sourcecode.swift; path = ViewModel.swift; sourceTree = "<group>"; };
		85408AA2228B4D3100B958D7 /* TouchBarHelper.framework */ = {isa = PBXFileReference; lastKnownFileType = wrapper.framework; name = TouchBarHelper.framework; path = System/Library/PrivateFrameworks/TouchBarHelper.framework; sourceTree = SDKROOT; };
		85818BEA22899FD600E70642 /* TouchBarLeague.app */ = {isa = PBXFileReference; explicitFileType = wrapper.application; includeInIndex = 0; path = TouchBarLeague.app; sourceTree = BUILT_PRODUCTS_DIR; };
		85818BED22899FD600E70642 /* AppDelegate.swift */ = {isa = PBXFileReference; lastKnownFileType = sourcecode.swift; path = AppDelegate.swift; sourceTree = "<group>"; };
		85818BEF22899FD600E70642 /* ViewController.swift */ = {isa = PBXFileReference; lastKnownFileType = sourcecode.swift; path = ViewController.swift; sourceTree = "<group>"; };
		85818BF122899FD700E70642 /* Assets.xcassets */ = {isa = PBXFileReference; lastKnownFileType = folder.assetcatalog; path = Assets.xcassets; sourceTree = "<group>"; };
		85818BF422899FD700E70642 /* Base */ = {isa = PBXFileReference; lastKnownFileType = file.storyboard; name = Base; path = Base.lproj/Main.storyboard; sourceTree = "<group>"; };
		85818BF622899FD700E70642 /* Info.plist */ = {isa = PBXFileReference; lastKnownFileType = text.plist.xml; path = Info.plist; sourceTree = "<group>"; };
		85818BF722899FD700E70642 /* TouchBarLeague.entitlements */ = {isa = PBXFileReference; lastKnownFileType = text.plist.entitlements; path = TouchBarLeague.entitlements; sourceTree = "<group>"; };
		85818BFC22899FD700E70642 /* TouchBarLeagueTests.xctest */ = {isa = PBXFileReference; explicitFileType = wrapper.cfbundle; includeInIndex = 0; path = TouchBarLeagueTests.xctest; sourceTree = BUILT_PRODUCTS_DIR; };
		85818C0022899FD700E70642 /* TouchBarLeagueTests.swift */ = {isa = PBXFileReference; lastKnownFileType = sourcecode.swift; path = TouchBarLeagueTests.swift; sourceTree = "<group>"; };
		85818C0222899FD700E70642 /* Info.plist */ = {isa = PBXFileReference; lastKnownFileType = text.plist.xml; path = Info.plist; sourceTree = "<group>"; };
		85818C0722899FD700E70642 /* TouchBarLeagueUITests.xctest */ = {isa = PBXFileReference; explicitFileType = wrapper.cfbundle; includeInIndex = 0; path = TouchBarLeagueUITests.xctest; sourceTree = BUILT_PRODUCTS_DIR; };
		85818C0B22899FD700E70642 /* TouchBarLeagueUITests.swift */ = {isa = PBXFileReference; lastKnownFileType = sourcecode.swift; path = TouchBarLeagueUITests.swift; sourceTree = "<group>"; };
		85818C0D22899FD700E70642 /* Info.plist */ = {isa = PBXFileReference; lastKnownFileType = text.plist.xml; path = Info.plist; sourceTree = "<group>"; };
		8582ED43228D82D800F0049A /* TeamParticipant.swift */ = {isa = PBXFileReference; lastKnownFileType = sourcecode.swift; path = TeamParticipant.swift; sourceTree = "<group>"; };
		8593C6AE228B6ED700F4AA75 /* CurrentSummoner.swift */ = {isa = PBXFileReference; lastKnownFileType = sourcecode.swift; path = CurrentSummoner.swift; sourceTree = "<group>"; };
		8593C6B1228B6F5F00F4AA75 /* Constants.swift */ = {isa = PBXFileReference; lastKnownFileType = sourcecode.swift; path = Constants.swift; sourceTree = "<group>"; };
		8593C6B4228B742A00F4AA75 /* String+Extensions.swift */ = {isa = PBXFileReference; lastKnownFileType = sourcecode.swift; path = "String+Extensions.swift"; sourceTree = "<group>"; };
		8593C6B7228B78A900F4AA75 /* RequestWrapper.swift */ = {isa = PBXFileReference; lastKnownFileType = sourcecode.swift; path = RequestWrapper.swift; sourceTree = "<group>"; };
		8593C6BE228C86DB00F4AA75 /* LCU.swift */ = {isa = PBXFileReference; lastKnownFileType = sourcecode.swift; path = LCU.swift; sourceTree = "<group>"; };
		8593C6C0228CC6C900F4AA75 /* Champion1vs9.swift */ = {isa = PBXFileReference; lastKnownFileType = sourcecode.swift; path = Champion1vs9.swift; sourceTree = "<group>"; };
		9417FC60A6E310F3C8454534 /* Pods-TouchBarLeagueTests.debug.xcconfig */ = {isa = PBXFileReference; includeInIndex = 1; lastKnownFileType = text.xcconfig; name = "Pods-TouchBarLeagueTests.debug.xcconfig"; path = "Target Support Files/Pods-TouchBarLeagueTests/Pods-TouchBarLeagueTests.debug.xcconfig"; sourceTree = "<group>"; };
		B1F77D77753105CE9136D2E7 /* Pods-TouchBarLeagueUITests.release.xcconfig */ = {isa = PBXFileReference; includeInIndex = 1; lastKnownFileType = text.xcconfig; name = "Pods-TouchBarLeagueUITests.release.xcconfig"; path = "Target Support Files/Pods-TouchBarLeagueUITests/Pods-TouchBarLeagueUITests.release.xcconfig"; sourceTree = "<group>"; };
		D739B05275DEF3C36004A275 /* Pods-TouchBarLeagueUITests.debug.xcconfig */ = {isa = PBXFileReference; includeInIndex = 1; lastKnownFileType = text.xcconfig; name = "Pods-TouchBarLeagueUITests.debug.xcconfig"; path = "Target Support Files/Pods-TouchBarLeagueUITests/Pods-TouchBarLeagueUITests.debug.xcconfig"; sourceTree = "<group>"; };
		FA67AD21CAC60B7CC6D3A359 /* Pods-TouchBarLeague.release.xcconfig */ = {isa = PBXFileReference; includeInIndex = 1; lastKnownFileType = text.xcconfig; name = "Pods-TouchBarLeague.release.xcconfig"; path = "Target Support Files/Pods-TouchBarLeague/Pods-TouchBarLeague.release.xcconfig"; sourceTree = "<group>"; };
/* End PBXFileReference section */

/* Begin PBXFrameworksBuildPhase section */
		85818BE722899FD600E70642 /* Frameworks */ = {
			isa = PBXFrameworksBuildPhase;
			buildActionMask = 2147483647;
			files = (
				8593C6A7228B53BB00F4AA75 /* TouchBarHelper.framework in Frameworks */,
				85408AA3228B4D3100B958D7 /* TouchBarHelper.framework in Frameworks */,
				B2ECE158D508B9EF7F23713D /* Pods_TouchBarLeague.framework in Frameworks */,
			);
			runOnlyForDeploymentPostprocessing = 0;
		};
		85818BF922899FD700E70642 /* Frameworks */ = {
			isa = PBXFrameworksBuildPhase;
			buildActionMask = 2147483647;
			files = (
				ECE0D22AC75B8A948BAF2F2D /* Pods_TouchBarLeagueTests.framework in Frameworks */,
			);
			runOnlyForDeploymentPostprocessing = 0;
		};
		85818C0422899FD700E70642 /* Frameworks */ = {
			isa = PBXFrameworksBuildPhase;
			buildActionMask = 2147483647;
			files = (
				C80A6B0262EDD3DD76E16937 /* Pods_TouchBarLeagueUITests.framework in Frameworks */,
			);
			runOnlyForDeploymentPostprocessing = 0;
		};
/* End PBXFrameworksBuildPhase section */

/* Begin PBXGroup section */
		4C78A9773C8E589232BE2DF9 /* Pods */ = {
			isa = PBXGroup;
			children = (
				086F9EDC060365440BB9DCD2 /* Pods-TouchBarLeague.debug.xcconfig */,
				FA67AD21CAC60B7CC6D3A359 /* Pods-TouchBarLeague.release.xcconfig */,
				9417FC60A6E310F3C8454534 /* Pods-TouchBarLeagueTests.debug.xcconfig */,
				54BC4D55E093A2D09A601F88 /* Pods-TouchBarLeagueTests.release.xcconfig */,
				D739B05275DEF3C36004A275 /* Pods-TouchBarLeagueUITests.debug.xcconfig */,
				B1F77D77753105CE9136D2E7 /* Pods-TouchBarLeagueUITests.release.xcconfig */,
			);
			path = Pods;
			sourceTree = "<group>";
		};
		85408AA1228B4D3100B958D7 /* Frameworks */ = {
			isa = PBXGroup;
			children = (
				85408AA2228B4D3100B958D7 /* TouchBarHelper.framework */,
				59BC088CBA89587605E70875 /* Pods_TouchBarLeague.framework */,
				512717E366FE530F95094672 /* Pods_TouchBarLeagueTests.framework */,
				7473325D1F777D00A603B5F1 /* Pods_TouchBarLeagueUITests.framework */,
			);
			name = Frameworks;
			sourceTree = "<group>";
		};
		85818BE122899FD600E70642 = {
			isa = PBXGroup;
			children = (
				85818BEC22899FD600E70642 /* TouchBarLeague */,
				85818BFF22899FD700E70642 /* TouchBarLeagueTests */,
				85818C0A22899FD700E70642 /* TouchBarLeagueUITests */,
				85818BEB22899FD600E70642 /* Products */,
				85408AA1228B4D3100B958D7 /* Frameworks */,
				4C78A9773C8E589232BE2DF9 /* Pods */,
			);
			sourceTree = "<group>";
		};
		85818BEB22899FD600E70642 /* Products */ = {
			isa = PBXGroup;
			children = (
				85818BEA22899FD600E70642 /* TouchBarLeague.app */,
				85818BFC22899FD700E70642 /* TouchBarLeagueTests.xctest */,
				85818C0722899FD700E70642 /* TouchBarLeagueUITests.xctest */,
			);
			name = Products;
			sourceTree = "<group>";
		};
		85818BEC22899FD600E70642 /* TouchBarLeague */ = {
			isa = PBXGroup;
			children = (
				85818BED22899FD600E70642 /* AppDelegate.swift */,
				8593C6BB228C85CE00F4AA75 /* Sources */,
				85818BF722899FD700E70642 /* TouchBarLeague.entitlements */,
				8593C6B3228B740900F4AA75 /* Helpers */,
				8593C6AD228B6EA600F4AA75 /* Model */,
				8593C6B0228B6F3F00F4AA75 /* Supporting Files */,
			);
			path = TouchBarLeague;
			sourceTree = "<group>";
		};
		85818BFF22899FD700E70642 /* TouchBarLeagueTests */ = {
			isa = PBXGroup;
			children = (
				85818C0022899FD700E70642 /* TouchBarLeagueTests.swift */,
				85818C0222899FD700E70642 /* Info.plist */,
			);
			path = TouchBarLeagueTests;
			sourceTree = "<group>";
		};
		85818C0A22899FD700E70642 /* TouchBarLeagueUITests */ = {
			isa = PBXGroup;
			children = (
				85818C0B22899FD700E70642 /* TouchBarLeagueUITests.swift */,
				85818C0D22899FD700E70642 /* Info.plist */,
			);
			path = TouchBarLeagueUITests;
			sourceTree = "<group>";
		};
		8593C6AD228B6EA600F4AA75 /* Model */ = {
			isa = PBXGroup;
			children = (
				8593C6AE228B6ED700F4AA75 /* CurrentSummoner.swift */,
				8593C6C0228CC6C900F4AA75 /* Champion1vs9.swift */,
				8582ED43228D82D800F0049A /* TeamParticipant.swift */,
			);
			path = Model;
			sourceTree = "<group>";
		};
		8593C6B0228B6F3F00F4AA75 /* Supporting Files */ = {
			isa = PBXGroup;
			children = (
				8593C6B1228B6F5F00F4AA75 /* Constants.swift */,
				85818BF622899FD700E70642 /* Info.plist */,
				85818BF122899FD700E70642 /* Assets.xcassets */,
			);
			path = "Supporting Files";
			sourceTree = "<group>";
		};
		8593C6B3228B740900F4AA75 /* Helpers */ = {
			isa = PBXGroup;
			children = (
				8593C6B4228B742A00F4AA75 /* String+Extensions.swift */,
				850675BD228CD37100E7E9C8 /* Collection+Extenstions.swift */,
				85252C972292BBF40085F924 /* ChampionHelper.swift */,
			);
			path = Helpers;
			sourceTree = "<group>";
		};
		8593C6B6228B788F00F4AA75 /* Network */ = {
			isa = PBXGroup;
			children = (
				8593C6B7228B78A900F4AA75 /* RequestWrapper.swift */,
			);
			path = Network;
			sourceTree = "<group>";
		};
		8593C6BB228C85CE00F4AA75 /* Sources */ = {
			isa = PBXGroup;
			children = (
				8593C6BD228C86C800F4AA75 /* Shared */,
				8593C6BC228C85DD00F4AA75 /* Main Window */,
				8593C6B6228B788F00F4AA75 /* Network */,
			);
			path = Sources;
			sourceTree = "<group>";
		};
		8593C6BC228C85DD00F4AA75 /* Main Window */ = {
			isa = PBXGroup;
			children = (
				85818BF322899FD700E70642 /* Main.storyboard */,
				85818BEF22899FD600E70642 /* ViewController.swift */,
				85252C992292C1FB0085F924 /* ViewModel.swift */,
			);
			path = "Main Window";
			sourceTree = "<group>";
		};
		8593C6BD228C86C800F4AA75 /* Shared */ = {
			isa = PBXGroup;
			children = (
				8593C6BE228C86DB00F4AA75 /* LCU.swift */,
			);
			path = Shared;
			sourceTree = "<group>";
		};
/* End PBXGroup section */

/* Begin PBXNativeTarget section */
		85818BE922899FD600E70642 /* TouchBarLeague */ = {
			isa = PBXNativeTarget;
			buildConfigurationList = 85818C1022899FD700E70642 /* Build configuration list for PBXNativeTarget "TouchBarLeague" */;
			buildPhases = (
				FE5E5C23D1035D050CE51DC3 /* [CP] Check Pods Manifest.lock */,
				85818BE622899FD600E70642 /* Sources */,
				85818BE722899FD600E70642 /* Frameworks */,
				85818BE822899FD600E70642 /* Resources */,
				8593C6A9228B53BB00F4AA75 /* Embed Frameworks */,
				3DA94EC670DD8A035423CE69 /* [CP] Embed Pods Frameworks */,
			);
			buildRules = (
			);
			dependencies = (
			);
			name = TouchBarLeague;
			productName = TouchBarLeague;
			productReference = 85818BEA22899FD600E70642 /* TouchBarLeague.app */;
			productType = "com.apple.product-type.application";
		};
		85818BFB22899FD700E70642 /* TouchBarLeagueTests */ = {
			isa = PBXNativeTarget;
			buildConfigurationList = 85818C1322899FD700E70642 /* Build configuration list for PBXNativeTarget "TouchBarLeagueTests" */;
			buildPhases = (
				556AA734232EBF5D55A80949 /* [CP] Check Pods Manifest.lock */,
				85818BF822899FD700E70642 /* Sources */,
				85818BF922899FD700E70642 /* Frameworks */,
				85818BFA22899FD700E70642 /* Resources */,
			);
			buildRules = (
			);
			dependencies = (
				85818BFE22899FD700E70642 /* PBXTargetDependency */,
			);
			name = TouchBarLeagueTests;
			productName = TouchBarLeagueTests;
			productReference = 85818BFC22899FD700E70642 /* TouchBarLeagueTests.xctest */;
			productType = "com.apple.product-type.bundle.unit-test";
		};
		85818C0622899FD700E70642 /* TouchBarLeagueUITests */ = {
			isa = PBXNativeTarget;
			buildConfigurationList = 85818C1622899FD700E70642 /* Build configuration list for PBXNativeTarget "TouchBarLeagueUITests" */;
			buildPhases = (
				A9DC9A58C441BD40C3BD1B61 /* [CP] Check Pods Manifest.lock */,
				85818C0322899FD700E70642 /* Sources */,
				85818C0422899FD700E70642 /* Frameworks */,
				85818C0522899FD700E70642 /* Resources */,
			);
			buildRules = (
			);
			dependencies = (
				85818C0922899FD700E70642 /* PBXTargetDependency */,
			);
			name = TouchBarLeagueUITests;
			productName = TouchBarLeagueUITests;
			productReference = 85818C0722899FD700E70642 /* TouchBarLeagueUITests.xctest */;
			productType = "com.apple.product-type.bundle.ui-testing";
		};
/* End PBXNativeTarget section */

/* Begin PBXProject section */
		85818BE222899FD600E70642 /* Project object */ = {
			isa = PBXProject;
			attributes = {
				LastSwiftUpdateCheck = 1020;
				LastUpgradeCheck = 1020;
				ORGANIZATIONNAME = "Marcin Slusarek";
				TargetAttributes = {
					85818BE922899FD600E70642 = {
						CreatedOnToolsVersion = 10.2.1;
						SystemCapabilities = {
							com.apple.Sandbox = {
								enabled = 0;
							};
						};
					};
					85818BFB22899FD700E70642 = {
						CreatedOnToolsVersion = 10.2.1;
						TestTargetID = 85818BE922899FD600E70642;
					};
					85818C0622899FD700E70642 = {
						CreatedOnToolsVersion = 10.2.1;
						TestTargetID = 85818BE922899FD600E70642;
					};
				};
			};
			buildConfigurationList = 85818BE522899FD600E70642 /* Build configuration list for PBXProject "TouchBarLeague" */;
			compatibilityVersion = "Xcode 9.3";
			developmentRegion = en;
			hasScannedForEncodings = 0;
			knownRegions = (
				en,
				Base,
			);
			mainGroup = 85818BE122899FD600E70642;
			productRefGroup = 85818BEB22899FD600E70642 /* Products */;
			projectDirPath = "";
			projectRoot = "";
			targets = (
				85818BE922899FD600E70642 /* TouchBarLeague */,
				85818BFB22899FD700E70642 /* TouchBarLeagueTests */,
				85818C0622899FD700E70642 /* TouchBarLeagueUITests */,
			);
		};
/* End PBXProject section */

/* Begin PBXResourcesBuildPhase section */
		85818BE822899FD600E70642 /* Resources */ = {
			isa = PBXResourcesBuildPhase;
			buildActionMask = 2147483647;
			files = (
				85818BF222899FD700E70642 /* Assets.xcassets in Resources */,
				85818BF522899FD700E70642 /* Main.storyboard in Resources */,
			);
			runOnlyForDeploymentPostprocessing = 0;
		};
		85818BFA22899FD700E70642 /* Resources */ = {
			isa = PBXResourcesBuildPhase;
			buildActionMask = 2147483647;
			files = (
			);
			runOnlyForDeploymentPostprocessing = 0;
		};
		85818C0522899FD700E70642 /* Resources */ = {
			isa = PBXResourcesBuildPhase;
			buildActionMask = 2147483647;
			files = (
			);
			runOnlyForDeploymentPostprocessing = 0;
		};
/* End PBXResourcesBuildPhase section */

/* Begin PBXShellScriptBuildPhase section */
		3DA94EC670DD8A035423CE69 /* [CP] Embed Pods Frameworks */ = {
			isa = PBXShellScriptBuildPhase;
			buildActionMask = 2147483647;
			files = (
			);
			inputFileListPaths = (
			);
			inputPaths = (
				"${PODS_ROOT}/Target Support Files/Pods-TouchBarLeague/Pods-TouchBarLeague-frameworks.sh",
				"${BUILT_PRODUCTS_DIR}/Alamofire/Alamofire.framework",
				"${BUILT_PRODUCTS_DIR}/Kingfisher/Kingfisher.framework",
				"${BUILT_PRODUCTS_DIR}/ObjectMapper/ObjectMapper.framework",
				"${BUILT_PRODUCTS_DIR}/RxCocoa/RxCocoa.framework",
				"${BUILT_PRODUCTS_DIR}/RxRelay/RxRelay.framework",
				"${BUILT_PRODUCTS_DIR}/RxSwift/RxSwift.framework",
				"${BUILT_PRODUCTS_DIR}/SocketRocket/SocketRocket.framework",
				"${BUILT_PRODUCTS_DIR}/SwiftyJSON/SwiftyJSON.framework",
			);
			name = "[CP] Embed Pods Frameworks";
			outputFileListPaths = (
			);
			outputPaths = (
				"${TARGET_BUILD_DIR}/${FRAMEWORKS_FOLDER_PATH}/Alamofire.framework",
				"${TARGET_BUILD_DIR}/${FRAMEWORKS_FOLDER_PATH}/Kingfisher.framework",
				"${TARGET_BUILD_DIR}/${FRAMEWORKS_FOLDER_PATH}/ObjectMapper.framework",
				"${TARGET_BUILD_DIR}/${FRAMEWORKS_FOLDER_PATH}/RxCocoa.framework",
				"${TARGET_BUILD_DIR}/${FRAMEWORKS_FOLDER_PATH}/RxRelay.framework",
				"${TARGET_BUILD_DIR}/${FRAMEWORKS_FOLDER_PATH}/RxSwift.framework",
				"${TARGET_BUILD_DIR}/${FRAMEWORKS_FOLDER_PATH}/SocketRocket.framework",
				"${TARGET_BUILD_DIR}/${FRAMEWORKS_FOLDER_PATH}/SwiftyJSON.framework",
			);
			runOnlyForDeploymentPostprocessing = 0;
			shellPath = /bin/sh;
			shellScript = "\"${PODS_ROOT}/Target Support Files/Pods-TouchBarLeague/Pods-TouchBarLeague-frameworks.sh\"\n";
			showEnvVarsInLog = 0;
		};
		556AA734232EBF5D55A80949 /* [CP] Check Pods Manifest.lock */ = {
			isa = PBXShellScriptBuildPhase;
			buildActionMask = 2147483647;
			files = (
			);
			inputFileListPaths = (
			);
			inputPaths = (
				"${PODS_PODFILE_DIR_PATH}/Podfile.lock",
				"${PODS_ROOT}/Manifest.lock",
			);
			name = "[CP] Check Pods Manifest.lock";
			outputFileListPaths = (
			);
			outputPaths = (
				"$(DERIVED_FILE_DIR)/Pods-TouchBarLeagueTests-checkManifestLockResult.txt",
			);
			runOnlyForDeploymentPostprocessing = 0;
			shellPath = /bin/sh;
			shellScript = "diff \"${PODS_PODFILE_DIR_PATH}/Podfile.lock\" \"${PODS_ROOT}/Manifest.lock\" > /dev/null\nif [ $? != 0 ] ; then\n    # print error to STDERR\n    echo \"error: The sandbox is not in sync with the Podfile.lock. Run 'pod install' or update your CocoaPods installation.\" >&2\n    exit 1\nfi\n# This output is used by Xcode 'outputs' to avoid re-running this script phase.\necho \"SUCCESS\" > \"${SCRIPT_OUTPUT_FILE_0}\"\n";
			showEnvVarsInLog = 0;
		};
		A9DC9A58C441BD40C3BD1B61 /* [CP] Check Pods Manifest.lock */ = {
			isa = PBXShellScriptBuildPhase;
			buildActionMask = 2147483647;
			files = (
			);
			inputFileListPaths = (
			);
			inputPaths = (
				"${PODS_PODFILE_DIR_PATH}/Podfile.lock",
				"${PODS_ROOT}/Manifest.lock",
			);
			name = "[CP] Check Pods Manifest.lock";
			outputFileListPaths = (
			);
			outputPaths = (
				"$(DERIVED_FILE_DIR)/Pods-TouchBarLeagueUITests-checkManifestLockResult.txt",
			);
			runOnlyForDeploymentPostprocessing = 0;
			shellPath = /bin/sh;
			shellScript = "diff \"${PODS_PODFILE_DIR_PATH}/Podfile.lock\" \"${PODS_ROOT}/Manifest.lock\" > /dev/null\nif [ $? != 0 ] ; then\n    # print error to STDERR\n    echo \"error: The sandbox is not in sync with the Podfile.lock. Run 'pod install' or update your CocoaPods installation.\" >&2\n    exit 1\nfi\n# This output is used by Xcode 'outputs' to avoid re-running this script phase.\necho \"SUCCESS\" > \"${SCRIPT_OUTPUT_FILE_0}\"\n";
			showEnvVarsInLog = 0;
		};
		FE5E5C23D1035D050CE51DC3 /* [CP] Check Pods Manifest.lock */ = {
			isa = PBXShellScriptBuildPhase;
			buildActionMask = 2147483647;
			files = (
			);
			inputFileListPaths = (
			);
			inputPaths = (
				"${PODS_PODFILE_DIR_PATH}/Podfile.lock",
				"${PODS_ROOT}/Manifest.lock",
			);
			name = "[CP] Check Pods Manifest.lock";
			outputFileListPaths = (
			);
			outputPaths = (
				"$(DERIVED_FILE_DIR)/Pods-TouchBarLeague-checkManifestLockResult.txt",
			);
			runOnlyForDeploymentPostprocessing = 0;
			shellPath = /bin/sh;
			shellScript = "diff \"${PODS_PODFILE_DIR_PATH}/Podfile.lock\" \"${PODS_ROOT}/Manifest.lock\" > /dev/null\nif [ $? != 0 ] ; then\n    # print error to STDERR\n    echo \"error: The sandbox is not in sync with the Podfile.lock. Run 'pod install' or update your CocoaPods installation.\" >&2\n    exit 1\nfi\n# This output is used by Xcode 'outputs' to avoid re-running this script phase.\necho \"SUCCESS\" > \"${SCRIPT_OUTPUT_FILE_0}\"\n";
			showEnvVarsInLog = 0;
		};
/* End PBXShellScriptBuildPhase section */

/* Begin PBXSourcesBuildPhase section */
		85818BE622899FD600E70642 /* Sources */ = {
			isa = PBXSourcesBuildPhase;
			buildActionMask = 2147483647;
			files = (
				8593C6B2228B6F5F00F4AA75 /* Constants.swift in Sources */,
				8593C6B8228B78A900F4AA75 /* RequestWrapper.swift in Sources */,
				8582ED44228D82D800F0049A /* TeamParticipant.swift in Sources */,
				85818BF022899FD600E70642 /* ViewController.swift in Sources */,
				85252C982292BBF40085F924 /* ChampionHelper.swift in Sources */,
				8593C6B5228B742A00F4AA75 /* String+Extensions.swift in Sources */,
				85818BEE22899FD600E70642 /* AppDelegate.swift in Sources */,
				8593C6BF228C86DB00F4AA75 /* LCU.swift in Sources */,
				850675BE228CD37100E7E9C8 /* Collection+Extenstions.swift in Sources */,
				8593C6AF228B6ED700F4AA75 /* CurrentSummoner.swift in Sources */,
				85252C9A2292C1FB0085F924 /* ViewModel.swift in Sources */,
				8593C6C1228CC6C900F4AA75 /* Champion1vs9.swift in Sources */,
			);
			runOnlyForDeploymentPostprocessing = 0;
		};
		85818BF822899FD700E70642 /* Sources */ = {
			isa = PBXSourcesBuildPhase;
			buildActionMask = 2147483647;
			files = (
				85818C0122899FD700E70642 /* TouchBarLeagueTests.swift in Sources */,
			);
			runOnlyForDeploymentPostprocessing = 0;
		};
		85818C0322899FD700E70642 /* Sources */ = {
			isa = PBXSourcesBuildPhase;
			buildActionMask = 2147483647;
			files = (
				85818C0C22899FD700E70642 /* TouchBarLeagueUITests.swift in Sources */,
			);
			runOnlyForDeploymentPostprocessing = 0;
		};
/* End PBXSourcesBuildPhase section */

/* Begin PBXTargetDependency section */
		85818BFE22899FD700E70642 /* PBXTargetDependency */ = {
			isa = PBXTargetDependency;
			target = 85818BE922899FD600E70642 /* TouchBarLeague */;
			targetProxy = 85818BFD22899FD700E70642 /* PBXContainerItemProxy */;
		};
		85818C0922899FD700E70642 /* PBXTargetDependency */ = {
			isa = PBXTargetDependency;
			target = 85818BE922899FD600E70642 /* TouchBarLeague */;
			targetProxy = 85818C0822899FD700E70642 /* PBXContainerItemProxy */;
		};
/* End PBXTargetDependency section */

/* Begin PBXVariantGroup section */
		85818BF322899FD700E70642 /* Main.storyboard */ = {
			isa = PBXVariantGroup;
			children = (
				85818BF422899FD700E70642 /* Base */,
			);
			name = Main.storyboard;
			sourceTree = "<group>";
		};
/* End PBXVariantGroup section */

/* Begin XCBuildConfiguration section */
		85818C0E22899FD700E70642 /* Debug */ = {
			isa = XCBuildConfiguration;
			buildSettings = {
				ALWAYS_SEARCH_USER_PATHS = NO;
				CLANG_ANALYZER_NONNULL = YES;
				CLANG_ANALYZER_NUMBER_OBJECT_CONVERSION = YES_AGGRESSIVE;
				CLANG_CXX_LANGUAGE_STANDARD = "gnu++14";
				CLANG_CXX_LIBRARY = "libc++";
				CLANG_ENABLE_MODULES = YES;
				CLANG_ENABLE_OBJC_ARC = YES;
				CLANG_ENABLE_OBJC_WEAK = YES;
				CLANG_WARN_BLOCK_CAPTURE_AUTORELEASING = YES;
				CLANG_WARN_BOOL_CONVERSION = YES;
				CLANG_WARN_COMMA = YES;
				CLANG_WARN_CONSTANT_CONVERSION = YES;
				CLANG_WARN_DEPRECATED_OBJC_IMPLEMENTATIONS = YES;
				CLANG_WARN_DIRECT_OBJC_ISA_USAGE = YES_ERROR;
				CLANG_WARN_DOCUMENTATION_COMMENTS = YES;
				CLANG_WARN_EMPTY_BODY = YES;
				CLANG_WARN_ENUM_CONVERSION = YES;
				CLANG_WARN_INFINITE_RECURSION = YES;
				CLANG_WARN_INT_CONVERSION = YES;
				CLANG_WARN_NON_LITERAL_NULL_CONVERSION = YES;
				CLANG_WARN_OBJC_IMPLICIT_RETAIN_SELF = YES;
				CLANG_WARN_OBJC_LITERAL_CONVERSION = YES;
				CLANG_WARN_OBJC_ROOT_CLASS = YES_ERROR;
				CLANG_WARN_RANGE_LOOP_ANALYSIS = YES;
				CLANG_WARN_STRICT_PROTOTYPES = YES;
				CLANG_WARN_SUSPICIOUS_MOVE = YES;
				CLANG_WARN_UNGUARDED_AVAILABILITY = YES_AGGRESSIVE;
				CLANG_WARN_UNREACHABLE_CODE = YES;
				CLANG_WARN__DUPLICATE_METHOD_MATCH = YES;
				CODE_SIGN_IDENTITY = "Mac Developer";
				COPY_PHASE_STRIP = NO;
				DEBUG_INFORMATION_FORMAT = dwarf;
				ENABLE_STRICT_OBJC_MSGSEND = YES;
				ENABLE_TESTABILITY = YES;
				GCC_C_LANGUAGE_STANDARD = gnu11;
				GCC_DYNAMIC_NO_PIC = NO;
				GCC_NO_COMMON_BLOCKS = YES;
				GCC_OPTIMIZATION_LEVEL = 0;
				GCC_PREPROCESSOR_DEFINITIONS = (
					"DEBUG=1",
					"$(inherited)",
				);
				GCC_WARN_64_TO_32_BIT_CONVERSION = YES;
				GCC_WARN_ABOUT_RETURN_TYPE = YES_ERROR;
				GCC_WARN_UNDECLARED_SELECTOR = YES;
				GCC_WARN_UNINITIALIZED_AUTOS = YES_AGGRESSIVE;
				GCC_WARN_UNUSED_FUNCTION = YES;
				GCC_WARN_UNUSED_VARIABLE = YES;
				MACOSX_DEPLOYMENT_TARGET = 10.14;
				MTL_ENABLE_DEBUG_INFO = INCLUDE_SOURCE;
				MTL_FAST_MATH = YES;
				ONLY_ACTIVE_ARCH = YES;
				SDKROOT = macosx;
				SWIFT_ACTIVE_COMPILATION_CONDITIONS = DEBUG;
				SWIFT_OPTIMIZATION_LEVEL = "-Onone";
			};
			name = Debug;
		};
		85818C0F22899FD700E70642 /* Release */ = {
			isa = XCBuildConfiguration;
			buildSettings = {
				ALWAYS_SEARCH_USER_PATHS = NO;
				CLANG_ANALYZER_NONNULL = YES;
				CLANG_ANALYZER_NUMBER_OBJECT_CONVERSION = YES_AGGRESSIVE;
				CLANG_CXX_LANGUAGE_STANDARD = "gnu++14";
				CLANG_CXX_LIBRARY = "libc++";
				CLANG_ENABLE_MODULES = YES;
				CLANG_ENABLE_OBJC_ARC = YES;
				CLANG_ENABLE_OBJC_WEAK = YES;
				CLANG_WARN_BLOCK_CAPTURE_AUTORELEASING = YES;
				CLANG_WARN_BOOL_CONVERSION = YES;
				CLANG_WARN_COMMA = YES;
				CLANG_WARN_CONSTANT_CONVERSION = YES;
				CLANG_WARN_DEPRECATED_OBJC_IMPLEMENTATIONS = YES;
				CLANG_WARN_DIRECT_OBJC_ISA_USAGE = YES_ERROR;
				CLANG_WARN_DOCUMENTATION_COMMENTS = YES;
				CLANG_WARN_EMPTY_BODY = YES;
				CLANG_WARN_ENUM_CONVERSION = YES;
				CLANG_WARN_INFINITE_RECURSION = YES;
				CLANG_WARN_INT_CONVERSION = YES;
				CLANG_WARN_NON_LITERAL_NULL_CONVERSION = YES;
				CLANG_WARN_OBJC_IMPLICIT_RETAIN_SELF = YES;
				CLANG_WARN_OBJC_LITERAL_CONVERSION = YES;
				CLANG_WARN_OBJC_ROOT_CLASS = YES_ERROR;
				CLANG_WARN_RANGE_LOOP_ANALYSIS = YES;
				CLANG_WARN_STRICT_PROTOTYPES = YES;
				CLANG_WARN_SUSPICIOUS_MOVE = YES;
				CLANG_WARN_UNGUARDED_AVAILABILITY = YES_AGGRESSIVE;
				CLANG_WARN_UNREACHABLE_CODE = YES;
				CLANG_WARN__DUPLICATE_METHOD_MATCH = YES;
				CODE_SIGN_IDENTITY = "Mac Developer";
				COPY_PHASE_STRIP = NO;
				DEBUG_INFORMATION_FORMAT = "dwarf-with-dsym";
				ENABLE_NS_ASSERTIONS = NO;
				ENABLE_STRICT_OBJC_MSGSEND = YES;
				GCC_C_LANGUAGE_STANDARD = gnu11;
				GCC_NO_COMMON_BLOCKS = YES;
				GCC_WARN_64_TO_32_BIT_CONVERSION = YES;
				GCC_WARN_ABOUT_RETURN_TYPE = YES_ERROR;
				GCC_WARN_UNDECLARED_SELECTOR = YES;
				GCC_WARN_UNINITIALIZED_AUTOS = YES_AGGRESSIVE;
				GCC_WARN_UNUSED_FUNCTION = YES;
				GCC_WARN_UNUSED_VARIABLE = YES;
				MACOSX_DEPLOYMENT_TARGET = 10.14;
				MTL_ENABLE_DEBUG_INFO = NO;
				MTL_FAST_MATH = YES;
				SDKROOT = macosx;
				SWIFT_COMPILATION_MODE = wholemodule;
				SWIFT_OPTIMIZATION_LEVEL = "-O";
			};
			name = Release;
		};
		85818C1122899FD700E70642 /* Debug */ = {
			isa = XCBuildConfiguration;
			baseConfigurationReference = 086F9EDC060365440BB9DCD2 /* Pods-TouchBarLeague.debug.xcconfig */;
			buildSettings = {
				ASSETCATALOG_COMPILER_APPICON_NAME = AppIcon;
				CODE_SIGN_IDENTITY = "Mac Developer";
				CODE_SIGN_STYLE = Automatic;
				COMBINE_HIDPI_IMAGES = YES;
				DEVELOPMENT_TEAM = A4RSAW4A69;
				FRAMEWORK_SEARCH_PATHS = (
					"$(inherited)",
					"$(PROJECT_DIR)/Pods",
				);
				INFOPLIST_FILE = "$(SRCROOT)/TouchBarLeague/Supporting Files/Info.plist";
				LD_RUNPATH_SEARCH_PATHS = (
					"$(inherited)",
					"@executable_path/../Frameworks",
					/Applications/Xcode.app/Contents/Developer/Platforms/MacOSX.platform/Developer/SDKs/MacOSX.sdk/System/Library/PrivateFrameworks,
				);
				MACOSX_DEPLOYMENT_TARGET = 10.13;
				PRODUCT_BUNDLE_IDENTIFIER = com.nylon.TouchBarLeague;
				PRODUCT_NAME = "$(TARGET_NAME)";
				PROVISIONING_PROFILE_SPECIFIER = "";
				SWIFT_VERSION = 5.0;
				SYSTEM_FRAMEWORK_SEARCH_PATHS = (
					"$(inherited)",
					"$(SDKROOT)$(SYSTEM_LIBRARY_DIR)/PrivateFrameworks",
					/Applications/Xcode.app/Contents/Developer/Platforms/MacOSX.platform/Developer/SDKs/MacOSX.sdk/System/Library/PrivateFrameworks,
				);
				VALID_ARCHS = "i386 x86_64 arm64";
			};
			name = Debug;
		};
		85818C1222899FD700E70642 /* Release */ = {
			isa = XCBuildConfiguration;
			baseConfigurationReference = FA67AD21CAC60B7CC6D3A359 /* Pods-TouchBarLeague.release.xcconfig */;
			buildSettings = {
				ASSETCATALOG_COMPILER_APPICON_NAME = AppIcon;
				CODE_SIGN_IDENTITY = "Mac Developer";
				CODE_SIGN_STYLE = Automatic;
				COMBINE_HIDPI_IMAGES = YES;
				DEVELOPMENT_TEAM = A4RSAW4A69;
				FRAMEWORK_SEARCH_PATHS = (
					"$(inherited)",
					"$(PROJECT_DIR)/Pods",
				);
				INFOPLIST_FILE = "$(SRCROOT)/TouchBarLeague/Supporting Files/Info.plist";
				LD_RUNPATH_SEARCH_PATHS = (
					"$(inherited)",
					"@executable_path/../Frameworks",
					/Applications/Xcode.app/Contents/Developer/Platforms/MacOSX.platform/Developer/SDKs/MacOSX.sdk/System/Library/PrivateFrameworks,
				);
				MACOSX_DEPLOYMENT_TARGET = 10.13;
				PRODUCT_BUNDLE_IDENTIFIER = com.nylon.TouchBarLeague;
				PRODUCT_NAME = "$(TARGET_NAME)";
				PROVISIONING_PROFILE_SPECIFIER = "";
				SWIFT_VERSION = 5.0;
				SYSTEM_FRAMEWORK_SEARCH_PATHS = (
					"$(inherited)",
					"$(SDKROOT)$(SYSTEM_LIBRARY_DIR)/PrivateFrameworks",
					/Applications/Xcode.app/Contents/Developer/Platforms/MacOSX.platform/Developer/SDKs/MacOSX.sdk/System/Library/PrivateFrameworks,
				);
				VALID_ARCHS = "i386 x86_64 arm64";
			};
			name = Release;
		};
		85818C1422899FD700E70642 /* Debug */ = {
			isa = XCBuildConfiguration;
			baseConfigurationReference = 9417FC60A6E310F3C8454534 /* Pods-TouchBarLeagueTests.debug.xcconfig */;
			buildSettings = {
				ALWAYS_EMBED_SWIFT_STANDARD_LIBRARIES = YES;
				BUNDLE_LOADER = "$(TEST_HOST)";
				CODE_SIGN_STYLE = Automatic;
				COMBINE_HIDPI_IMAGES = YES;
				DEVELOPMENT_TEAM = A4RSAW4A69;
				INFOPLIST_FILE = TouchBarLeagueTests/Info.plist;
				LD_RUNPATH_SEARCH_PATHS = (
					"$(inherited)",
					"@executable_path/../Frameworks",
					"@loader_path/../Frameworks",
				);
				PRODUCT_BUNDLE_IDENTIFIER = com.nylon.TouchBarLeagueTests;
				PRODUCT_NAME = "$(TARGET_NAME)";
				SWIFT_VERSION = 5.0;
				TEST_HOST = "$(BUILT_PRODUCTS_DIR)/TouchBarLeague.app/Contents/MacOS/TouchBarLeague";
			};
			name = Debug;
		};
		85818C1522899FD700E70642 /* Release */ = {
			isa = XCBuildConfiguration;
			baseConfigurationReference = 54BC4D55E093A2D09A601F88 /* Pods-TouchBarLeagueTests.release.xcconfig */;
			buildSettings = {
				ALWAYS_EMBED_SWIFT_STANDARD_LIBRARIES = YES;
				BUNDLE_LOADER = "$(TEST_HOST)";
				CODE_SIGN_STYLE = Automatic;
				COMBINE_HIDPI_IMAGES = YES;
				DEVELOPMENT_TEAM = A4RSAW4A69;
				INFOPLIST_FILE = TouchBarLeagueTests/Info.plist;
				LD_RUNPATH_SEARCH_PATHS = (
					"$(inherited)",
					"@executable_path/../Frameworks",
					"@loader_path/../Frameworks",
				);
				PRODUCT_BUNDLE_IDENTIFIER = com.nylon.TouchBarLeagueTests;
				PRODUCT_NAME = "$(TARGET_NAME)";
				SWIFT_VERSION = 5.0;
				TEST_HOST = "$(BUILT_PRODUCTS_DIR)/TouchBarLeague.app/Contents/MacOS/TouchBarLeague";
			};
			name = Release;
		};
		85818C1722899FD700E70642 /* Debug */ = {
			isa = XCBuildConfiguration;
			baseConfigurationReference = D739B05275DEF3C36004A275 /* Pods-TouchBarLeagueUITests.debug.xcconfig */;
			buildSettings = {
				ALWAYS_EMBED_SWIFT_STANDARD_LIBRARIES = YES;
				CODE_SIGN_STYLE = Automatic;
				COMBINE_HIDPI_IMAGES = YES;
				DEVELOPMENT_TEAM = A4RSAW4A69;
				INFOPLIST_FILE = TouchBarLeagueUITests/Info.plist;
				LD_RUNPATH_SEARCH_PATHS = (
					"$(inherited)",
					"@executable_path/../Frameworks",
					"@loader_path/../Frameworks",
				);
				PRODUCT_BUNDLE_IDENTIFIER = com.nylon.TouchBarLeagueUITests;
				PRODUCT_NAME = "$(TARGET_NAME)";
				SWIFT_VERSION = 5.0;
				TEST_TARGET_NAME = TouchBarLeague;
			};
			name = Debug;
		};
		85818C1822899FD700E70642 /* Release */ = {
			isa = XCBuildConfiguration;
			baseConfigurationReference = B1F77D77753105CE9136D2E7 /* Pods-TouchBarLeagueUITests.release.xcconfig */;
			buildSettings = {
				ALWAYS_EMBED_SWIFT_STANDARD_LIBRARIES = YES;
				CODE_SIGN_STYLE = Automatic;
				COMBINE_HIDPI_IMAGES = YES;
				DEVELOPMENT_TEAM = A4RSAW4A69;
				INFOPLIST_FILE = TouchBarLeagueUITests/Info.plist;
				LD_RUNPATH_SEARCH_PATHS = (
					"$(inherited)",
					"@executable_path/../Frameworks",
					"@loader_path/../Frameworks",
				);
				PRODUCT_BUNDLE_IDENTIFIER = com.nylon.TouchBarLeagueUITests;
				PRODUCT_NAME = "$(TARGET_NAME)";
				SWIFT_VERSION = 5.0;
				TEST_TARGET_NAME = TouchBarLeague;
			};
			name = Release;
		};
/* End XCBuildConfiguration section */

/* Begin XCConfigurationList section */
		85818BE522899FD600E70642 /* Build configuration list for PBXProject "TouchBarLeague" */ = {
			isa = XCConfigurationList;
			buildConfigurations = (
				85818C0E22899FD700E70642 /* Debug */,
				85818C0F22899FD700E70642 /* Release */,
			);
			defaultConfigurationIsVisible = 0;
			defaultConfigurationName = Release;
		};
		85818C1022899FD700E70642 /* Build configuration list for PBXNativeTarget "TouchBarLeague" */ = {
			isa = XCConfigurationList;
			buildConfigurations = (
				85818C1122899FD700E70642 /* Debug */,
				85818C1222899FD700E70642 /* Release */,
			);
			defaultConfigurationIsVisible = 0;
			defaultConfigurationName = Release;
		};
		85818C1322899FD700E70642 /* Build configuration list for PBXNativeTarget "TouchBarLeagueTests" */ = {
			isa = XCConfigurationList;
			buildConfigurations = (
				85818C1422899FD700E70642 /* Debug */,
				85818C1522899FD700E70642 /* Release */,
			);
			defaultConfigurationIsVisible = 0;
			defaultConfigurationName = Release;
		};
		85818C1622899FD700E70642 /* Build configuration list for PBXNativeTarget "TouchBarLeagueUITests" */ = {
			isa = XCConfigurationList;
			buildConfigurations = (
				85818C1722899FD700E70642 /* Debug */,
				85818C1822899FD700E70642 /* Release */,
			);
			defaultConfigurationIsVisible = 0;
			defaultConfigurationName = Release;
		};
/* End XCConfigurationList section */
	};
	rootObject = 85818BE222899FD600E70642 /* Project object */;
}
